
Microsoft Visual Studio Solution File, Format Version 12.00
# Visual Studio Version 17
VisualStudioVersion = 17.0.32126.317
MinimumVisualStudioVersion = 10.0.40219.1
Project("{FAE04EC0-301F-11D3-BF4B-00C04F79EFBC}") = "FTPLinker", "FTPLinker\FTPLinker.csproj", "{DE0DF39C-AD30-422E-A835-A019264A50E5}"
EndProject
Global
	GlobalSection(SolutionConfigurationPlatforms) = preSolution
		Debug|Any CPU = Debug|Any CPU
		Release|Any CPU = Release|Any CPU
	EndGlobalSection
	GlobalSection(ProjectConfigurationPlatforms) = postSolution
		{DE0DF39C-AD30-422E-A835-A019264A50E5}.Debug|Any CPU.ActiveCfg = Debug|Any CPU
		{DE0DF39C-AD30-422E-A835-A019264A50E5}.Debug|Any CPU.Build.0 = Debug|Any CPU
		{DE0DF39C-AD30-422E-A835-A019264A50E5}.Release|Any CPU.ActiveCfg = Release|Any CPU
		{DE0DF39C-AD30-422E-A835-A019264A50E5}.Release|Any CPU.Build.0 = Release|Any CPU
	EndGlobalSection
	GlobalSection(SolutionProperties) = preSolution
		HideSolutionNode = FALSE
	EndGlobalSection
	GlobalSection(ExtensibilityGlobals) = postSolution
		SolutionGuid = {4F132C06-A913-4995-ABAC-109FC1932524}
	EndGlobalSection
EndGlobal
